lockfileVersion: '9.0'

settings:
  autoInstallPeers: true
  excludeLinksFromLockfile: false

importers:

  .:
    devDependencies:
      husky:
        specifier: ^9.1.6
        version: 9.1.6
      prettier:
        specifier: ^3.3.3
        version: 3.3.3
      prettier-plugin-css-order:
        specifier: ^2.1.2
        version: 2.1.2(postcss@8.4.47)(prettier@3.3.3)
      sass-embedded:
        specifier: ^1.79.3
        version: 1.79.3

packages:

  '@bufbuild/protobuf@2.1.0':
    resolution: {integrity: sha512-+2Mx67Y3skJ4NCD/qNSdBJNWtu6x6Qr53jeNg+QcwiL6mt0wK+3jwHH2x1p7xaYH6Ve2JKOVn0OxU35WsmqI9A==}

  buffer-builder@0.2.0:
    resolution: {integrity: sha512-7VPMEPuYznPSoR21NE1zvd2Xna6c/CloiZCfcMXR1Jny6PjX0N4Nsa38zcBFo/FMK+BlA+FLKbJCQ0i2yxp+Xg==}

  colorjs.io@0.5.2:
    resolution: {integrity: sha512-twmVoizEW7ylZSN32OgKdXRmo1qg+wT5/6C3xu5b9QsWzSFAhHLn2xd8ro0diCsKfCj1RdaTP/nrcW+vAoQPIw==}

  css-declaration-sorter@7.2.0:
    resolution: {integrity: sha512-h70rUM+3PNFuaBDTLe8wF/cdWu+dOZmb7pJt8Z2sedYbAcQVQV/tEchueg3GWxwqS0cxtbxmaHEdkNACqcvsow==}
    engines: {node: ^14 || ^16 || >=18}
    peerDependencies:
      postcss: ^8.0.9

  has-flag@4.0.0:
    resolution: {integrity: sha512-EykJT/Q1KjTWctppgIAgfSO0tKVuZUjhgMr17kqTumMl6Afv3EISleU7qZUzoXDFTAHTDC4NOoG/ZxU3EvlMPQ==}
    engines: {node: '>=8'}

  husky@9.1.6:
    resolution: {integrity: sha512-sqbjZKK7kf44hfdE94EoX8MZNk0n7HeW37O4YrVGCF4wzgQjp+akPAkfUK5LZ6KuR/6sqeAVuXHji+RzQgOn5A==}
    engines: {node: '>=18'}
    hasBin: true

  immutable@4.3.7:
    resolution: {integrity: sha512-1hqclzwYwjRDFLjcFxOM5AYkkG0rpFPpr1RLPMEuGczoS7YA8gLhy8SWXYRAA/XwfEHpfo3cw5JGioS32fnMRw==}

  nanoid@3.3.7:
    resolution: {integrity: sha512-eSRppjcPIatRIMC1U6UngP8XFcz8MQWGQdt1MTBQ7NaAmvXDfvNxbvWV3x2y6CdEUciCSsDHDQZbhYaB8QEo2g==}
    engines: {node: ^10 || ^12 || ^13.7 || ^14 || >=15.0.1}
    hasBin: true

  picocolors@1.1.0:
    resolution: {integrity: sha512-TQ92mBOW0l3LeMeyLV6mzy/kWr8lkd/hp3mTg7wYK7zJhuBStmGMBG0BdeDZS/dZx1IukaX6Bk11zcln25o1Aw==}

  postcss-less@6.0.0:
    resolution: {integrity: sha512-FPX16mQLyEjLzEuuJtxA8X3ejDLNGGEG503d2YGZR5Ask1SpDN8KmZUMpzCvyalWRywAn1n1VOA5dcqfCLo5rg==}
    engines: {node: '>=12'}
    peerDependencies:
      postcss: ^8.3.5

  postcss-scss@4.0.9:
    resolution: {integrity: sha512-AjKOeiwAitL/MXxQW2DliT28EKukvvbEWx3LBmJIRN8KfBGZbRTxNYW0kSqi1COiTZ57nZ9NW06S6ux//N1c9A==}
    engines: {node: '>=12.0'}
    peerDependencies:
      postcss: ^8.4.29

  postcss@8.4.47:
    resolution: {integrity: sha512-56rxCq7G/XfB4EkXq9Egn5GCqugWvDFjafDOThIdMBsI15iqPqR5r15TfSr1YPYeEI19YeaXMCbY6u88Y76GLQ==}
    engines: {node: ^10 || ^12 || >=14}

  prettier-plugin-css-order@2.1.2:
    resolution: {integrity: sha512-vomxPjHI6pOMYcBuouSJHxxQClJXaUpU9rsV9IAO2wrSTZILRRlrxAAR8t9UF6wtczLkLfNRFUwM+ZbGXOONUA==}
    engines: {node: '>=16'}
    peerDependencies:
      prettier: 3.x

  prettier@3.3.3:
    resolution: {integrity: sha512-i2tDNA0O5IrMO757lfrdQZCc2jPNDVntV0m/+4whiDfWaTKfMNgR7Qz0NAeGz/nRqF4m5/6CLzbP4/liHt12Ew==}
    engines: {node: '>=14'}
    hasBin: true

  rxjs@7.8.1:
    resolution: {integrity: sha512-AA3TVj+0A2iuIoQkWEK/tqFjBq2j+6PO6Y0zJcvzLAFhEFIO3HL0vls9hWLncZbAAbK0mar7oZ4V079I/qPMxg==}

  sass-embedded-android-arm64@1.79.3:
    resolution: {integrity: sha512-Wqm/WKHIDQl7w7eIQRO/GQ7EXfnwNpipCyJL7Xtb15vSAV64J4/0D/esy6GOPlVG+qcu8/XN8NV7Bf5wZ2ExUw==}
    engines: {node: '>=14.0.0'}
    cpu: [arm64]
    os: [android]

  sass-embedded-android-arm@1.79.3:
    resolution: {integrity: sha512-rrdaVDkKBLUqzdqlBFamUbeuLG+8r/QLXHIgz4qPhIDqceJH6ds0Vzrae9Ef6DhYfMatOg2xiScdatwQ8Yl/hA==}
    engines: {node: '>=14.0.0'}
    cpu: [arm]
    os: [android]

  sass-embedded-android-ia32@1.79.3:
    resolution: {integrity: sha512-6rDmH0O7hjBP04/xBAFzSYYMU/7MrQYCak4541BZIbIfa2uw0x/8+mB7lZjdgFsBrFjcpdVCPhZPUE6Y50c00A==}
    engines: {node: '>=14.0.0'}
    cpu: [ia32]
    os: [android]

  sass-embedded-android-riscv64@1.79.3:
    resolution: {integrity: sha512-B/PgB0AfTCvOlF1g89raJTwTXIUQUM3OXDWqEKIlJEZM1Yao91i8ZkyrFkDMzT4G5sETy4o8pgK+qE9+7bFlug==}
    engines: {node: '>=14.0.0'}
    cpu: [riscv64]
    os: [android]

  sass-embedded-android-x64@1.79.3:
    resolution: {integrity: sha512-a5cpo9Yw4xnX32Uo3WfMZLaTVnI/h2n7U3K3eTygyj707yhGkUB0i+qxldzCw8MmKivIu9irG6O4kmnRjW6f7g==}
    engines: {node: '>=14.0.0'}
    cpu: [x64]
    os: [android]

  sass-embedded-darwin-arm64@1.79.3:
    resolution: {integrity: sha512-imafD0nlVz5FJhqBqxUbG5rK4E3cu1GxhMZ5VhKm0k4t5jFQo+3OjN7sHT4Ee2Mk1g8sjr5dtq5enDU4fs6lXA==}
    engines: {node: '>=14.0.0'}
    cpu: [arm64]
    os: [darwin]

  sass-embedded-darwin-x64@1.79.3:
    resolution: {integrity: sha512-pjciT1FcMUMA4rWdpyZYSwMOvxk5JP7R6vy7TzvqkUEqXxP9FTflYnAiwgYUDVTpngHHqRxTjdyW+e+h2L9dHw==}
    engines: {node: '>=14.0.0'}
    cpu: [x64]
    os: [darwin]

  sass-embedded-linux-arm64@1.79.3:
    resolution: {integrity: sha512-ODo8ghwk6KHxchgwxq4CwgfYwWdreEbsQoukeEgRKxHcuLB9XF6tol9pGlfrc8sYox48Vp5WDCZuzgoo6rJ6tg==}
    engines: {node: '>=14.0.0'}
    cpu: [arm64]
    os: [linux]

  sass-embedded-linux-arm@1.79.3:
    resolution: {integrity: sha512-n0bDtzABPE5YaL9wSLxNPiQMl1zArsGblHJyED6fEHz41m+OkCTopfO8IVjcf+MBrK/j11gonxiIGWO+fNOxvg==}
    engines: {node: '>=14.0.0'}
    cpu: [arm]
    os: [linux]

  sass-embedded-linux-ia32@1.79.3:
    resolution: {integrity: sha512-oC3rUyIE6mEm2etsc4CuNu6IVmB6CoSM4KsubxzCD3S37QFXq8wYbI0t9iiDdTkKb5Iu+vUyhn+tYJRVHg0tvw==}
    engines: {node: '>=14.0.0'}
    cpu: [ia32]
    os: [linux]

  sass-embedded-linux-musl-arm64@1.79.3:
    resolution: {integrity: sha512-Q9/5lsrK/JnQci3DwxZ9PGIIrRxuo/bySv+gbyVp8Kb7gdkZcEsY7HkxaBJfwVEwpZSGAyCviyZDHDMILjliOw==}
    engines: {node: '>=14.0.0'}
    cpu: [arm64]
    os: [linux]

  sass-embedded-linux-musl-arm@1.79.3:
    resolution: {integrity: sha512-TOUYMtDs9xoMsJSEEr7NjtcVCqVpg1eSOQHXXruJ1kiYfxwmHrCYTjTLoefbZ29mWqIq8NUaXJG4rZNDK6NzRA==}
    engines: {node: '>=14.0.0'}
    cpu: [arm]
    os: [linux]

  sass-embedded-linux-musl-ia32@1.79.3:
    resolution: {integrity: sha512-T2uERh3gs9eWUzdkDadPuYbelQJQLZyX8myutUd4fxyrQ7ToQRBwcMoynEjl48DBHnM0oRiJUHrV9uFuJ+fmRA==}
    engines: {node: '>=14.0.0'}
    cpu: [ia32]
    os: [linux]

  sass-embedded-linux-musl-riscv64@1.79.3:
    resolution: {integrity: sha512-XTuYtTBPFeEjydS2GsIUkMztzXIiz13noknE7m1yAbVxOchu9jD9FCLAdK9pVPPki+9BiLSxsutYwOcQn8atqQ==}
    engines: {node: '>=14.0.0'}
    cpu: [riscv64]
    os: [linux]

  sass-embedded-linux-musl-x64@1.79.3:
    resolution: {integrity: sha512-gDHfaPlxT/XQTMbfb2y+U6zDMuI8pfapVXTYlUrgYhKH2KoICclIvahhjFii5i5+1dHpfGzjgYKBqI3nvZsYFg==}
    engines: {node: '>=14.0.0'}
    cpu: [x64]
    os: [linux]

  sass-embedded-linux-riscv64@1.79.3:
    resolution: {integrity: sha512-NONTa//1ZfxA87+Zjp3rabL+Z9gM67FJBdktRKXXMBAce5i8eCj/eqJGUOGPjYxtvxtQw77cex0qMr9SZnX6ww==}
    engines: {node: '>=14.0.0'}
    cpu: [riscv64]
    os: [linux]

  sass-embedded-linux-x64@1.79.3:
    resolution: {integrity: sha512-drlUqMMw222+f/T5sNrIAv+z0vQwLkO4zAlDmf4biLdWIloPP/3plTodAkMyfagNcvA8jG2jN414pJXBI3zK6w==}
    engines: {node: '>=14.0.0'}
    cpu: [x64]
    os: [linux]

  sass-embedded-win32-arm64@1.79.3:
    resolution: {integrity: sha512-gYz0IUb0fLkHUbhq+HR52wvQfG75Zu1s48/v48TqC+b04H/01k2eiawp/Ec1f+lhpIL/pr5+n5jWR6CjkxPdnQ==}
    engines: {node: '>=14.0.0'}
    cpu: [arm64]
    os: [win32]

  sass-embedded-win32-ia32@1.79.3:
    resolution: {integrity: sha512-fbDTyzbqRc+xCWZ+YHSDt2WvGk5PW2K0SjyHuwes/Fls1+wdO4iHIukE/pD+HSWytYrtCqhe7EFq5Ug5HxGTLg==}
    engines: {node: '>=14.0.0'}
    cpu: [ia32]
    os: [win32]

  sass-embedded-win32-x64@1.79.3:
    resolution: {integrity: sha512-vvfr6wyCaHvdQbGS8UkYab6DXc1FKJRYFT5aFE3QTVqbzCqmJ5tf80E4+gvB99nljLtMjwKR1d332iWI9KDLhw==}
    engines: {node: '>=14.0.0'}
    cpu: [x64]
    os: [win32]

  sass-embedded@1.79.3:
    resolution: {integrity: sha512-zUve2qCn6uSOMZnZazLzrDWq//OQWFle5G45vJjv3B/ADIA3TXVgqHqN3u7D2vGajOGREz0HN5nhliSoKmQqZA==}
    engines: {node: '>=16.0.0'}
    hasBin: true

  source-map-js@1.2.1:
    resolution: {integrity: sha512-UXWMKhLOwVKb728IUtQPXxfYU+usdybtUrK/8uGE8CQMvrhOpwvzDBwj0QhSL7MQc7vIsISBG8VQ8+IDQxpfQA==}
    engines: {node: '>=0.10.0'}

  supports-color@8.1.1:
    resolution: {integrity: sha512-MpUEN2OodtUzxvKQl72cUF7RQ5EiHsGvSsVG0ia9c5RbWGL2CI4C7EpPS8UTBIplnlzZiNuV56w+FuNxy3ty2Q==}
    engines: {node: '>=10'}

  tslib@2.7.0:
    resolution: {integrity: sha512-gLXCKdN1/j47AiHiOkJN69hJmcbGTHI0ImLmbYLHykhgeN0jVGola9yVjFgzCUklsZQMW55o+dW7IXv3RCXDzA==}

  varint@6.0.0:
    resolution: {integrity: sha512-cXEIW6cfr15lFv563k4GuVuW/fiwjknytD37jIOLSdSWuOI6WnO/oKwmP2FQTU2l01LP8/M5TSAJpzUaGe3uWg==}

snapshots:

  '@bufbuild/protobuf@2.1.0': {}

  buffer-builder@0.2.0: {}

  colorjs.io@0.5.2: {}

  css-declaration-sorter@7.2.0(postcss@8.4.47):
    dependencies:
      postcss: 8.4.47

  has-flag@4.0.0: {}

  husky@9.1.6: {}

  immutable@4.3.7: {}

  nanoid@3.3.7: {}

  picocolors@1.1.0: {}

  postcss-less@6.0.0(postcss@8.4.47):
    dependencies:
      postcss: 8.4.47

  postcss-scss@4.0.9(postcss@8.4.47):
    dependencies:
      postcss: 8.4.47

  postcss@8.4.47:
    dependencies:
      nanoid: 3.3.7
      picocolors: 1.1.0
      source-map-js: 1.2.1

  prettier-plugin-css-order@2.1.2(postcss@8.4.47)(prettier@3.3.3):
    dependencies:
      css-declaration-sorter: 7.2.0(postcss@8.4.47)
      postcss-less: 6.0.0(postcss@8.4.47)
      postcss-scss: 4.0.9(postcss@8.4.47)
      prettier: 3.3.3
    transitivePeerDependencies:
      - postcss

  prettier@3.3.3: {}

  rxjs@7.8.1:
    dependencies:
      tslib: 2.7.0

  sass-embedded-android-arm64@1.79.3:
    optional: true

  sass-embedded-android-arm@1.79.3:
    optional: true

  sass-embedded-android-ia32@1.79.3:
    optional: true

  sass-embedded-android-riscv64@1.79.3:
    optional: true

  sass-embedded-android-x64@1.79.3:
    optional: true

  sass-embedded-darwin-arm64@1.79.3:
    optional: true

  sass-embedded-darwin-x64@1.79.3:
    optional: true

  sass-embedded-linux-arm64@1.79.3:
    optional: true

  sass-embedded-linux-arm@1.79.3:
    optional: true

  sass-embedded-linux-ia32@1.79.3:
    optional: true

  sass-embedded-linux-musl-arm64@1.79.3:
    optional: true

  sass-embedded-linux-musl-arm@1.79.3:
    optional: true

  sass-embedded-linux-musl-ia32@1.79.3:
    optional: true

  sass-embedded-linux-musl-riscv64@1.79.3:
    optional: true

  sass-embedded-linux-musl-x64@1.79.3:
    optional: true

  sass-embedded-linux-riscv64@1.79.3:
    optional: true

  sass-embedded-linux-x64@1.79.3:
    optional: true

  sass-embedded-win32-arm64@1.79.3:
    optional: true

  sass-embedded-win32-ia32@1.79.3:
    optional: true

  sass-embedded-win32-x64@1.79.3:
    optional: true

  sass-embedded@1.79.3:
    dependencies:
      '@bufbuild/protobuf': 2.1.0
      buffer-builder: 0.2.0
      colorjs.io: 0.5.2
      immutable: 4.3.7
      rxjs: 7.8.1
      supports-color: 8.1.1
      varint: 6.0.0
    optionalDependencies:
      sass-embedded-android-arm: 1.79.3
      sass-embedded-android-arm64: 1.79.3
      sass-embedded-android-ia32: 1.79.3
      sass-embedded-android-riscv64: 1.79.3
      sass-embedded-android-x64: 1.79.3
      sass-embedded-darwin-arm64: 1.79.3
      sass-embedded-darwin-x64: 1.79.3
      sass-embedded-linux-arm: 1.79.3
      sass-embedded-linux-arm64: 1.79.3
      sass-embedded-linux-ia32: 1.79.3
      sass-embedded-linux-musl-arm: 1.79.3
      sass-embedded-linux-musl-arm64: 1.79.3
      sass-embedded-linux-musl-ia32: 1.79.3
      sass-embedded-linux-musl-riscv64: 1.79.3
      sass-embedded-linux-musl-x64: 1.79.3
      sass-embedded-linux-riscv64: 1.79.3
      sass-embedded-linux-x64: 1.79.3
      sass-embedded-win32-arm64: 1.79.3
      sass-embedded-win32-ia32: 1.79.3
      sass-embedded-win32-x64: 1.79.3

  source-map-js@1.2.1: {}

  supports-color@8.1.1:
    dependencies:
      has-flag: 4.0.0

  tslib@2.7.0: {}

  varint@6.0.0: {}
